// !$*UTF8*$!
{
	archiveVersion = 1;
	classes = {
	};
	objectVersion = 52;
	objects = {

/* Begin PBXBuildFile section */
		DBE3E9882517167400A59B4A /* Sum_of_even_numbers_after_queriesApp.swift in Sources */ = {isa = PBXBuildFile; fileRef = DBE3E9872517167400A59B4A /* Sum_of_even_numbers_after_queriesApp.swift */; };
		DBE3E98A2517167400A59B4A /* ContentView.swift in Sources */ = {isa = PBXBuildFile; fileRef = DBE3E9892517167400A59B4A /* ContentView.swift */; };
		DBE3E98C2517167600A59B4A /* Assets.xcassets in Resources */ = {isa = PBXBuildFile; fileRef = DBE3E98B2517167600A59B4A /* Assets.xcassets */; };
		DBE3E98F2517167600A59B4A /* Preview Assets.xcassets in Resources */ = {isa = PBXBuildFile; fileRef = DBE3E98E2517167600A59B4A /* Preview Assets.xcassets */; };
		DBE3E99A2517167600A59B4A /* Sum_of_even_numbers_after_queriesTests.swift in Sources */ = {isa = PBXBuildFile; fileRef = DBE3E9992517167600A59B4A /* Sum_of_even_numbers_after_queriesTests.swift */; };
		DBE3E9A52517167600A59B4A /* Sum_of_even_numbers_after_queriesUITests.swift in Sources */ = {isa = PBXBuildFile; fileRef = DBE3E9A42517167600A59B4A /* Sum_of_even_numbers_after_queriesUITests.swift */; };
		DBE3E9B62517169F00A59B4A /* ViewModel.swift in Sources */ = {isa = PBXBuildFile; fileRef = DBE3E9B52517169F00A59B4A /* ViewModel.swift */; };
		DBE3E9B72517169F00A59B4A /* ViewModel.swift in Sources */ = {isa = PBXBuildFile; fileRef = DBE3E9B52517169F00A59B4A /* ViewModel.swift */; };
		DBE3E9CB25171C6400A59B4A /* RFoundation in Frameworks */ = {isa = PBXBuildFile; productRef = DBE3E9CA25171C6400A59B4A /* RFoundation */; };
/* End PBXBuildFile section */

/* Begin PBXContainerItemProxy section */
		DBE3E9962517167600A59B4A /* PBXContainerItemProxy */ = {
			isa = PBXContainerItemProxy;
			containerPortal = DBE3E97C2517167400A59B4A /* Project object */;
			proxyType = 1;
			remoteGlobalIDString = DBE3E9832517167400A59B4A;
			remoteInfo = "Sum of even numbers after queries";
		};
		DBE3E9A12517167600A59B4A /* PBXContainerItemProxy */ = {
			isa = PBXContainerItemProxy;
			containerPortal = DBE3E97C2517167400A59B4A /* Project object */;
			proxyType = 1;
			remoteGlobalIDString = DBE3E9832517167400A59B4A;
			remoteInfo = "Sum of even numbers after queries";
		};
/* End PBXContainerItemProxy section */

/* Begin PBXFileReference section */
		DBE3E9842517167400A59B4A /* Sum of even numbers after queries.app */ = {isa = PBXFileReference; explicitFileType = wrapper.application; includeInIndex = 0; path = "Sum of even numbers after queries.app"; sourceTree = BUILT_PRODUCTS_DIR; };
		DBE3E9872517167400A59B4A /* Sum_of_even_numbers_after_queriesApp.swift */ = {isa = PBXFileReference; lastKnownFileType = sourcecode.swift; path = Sum_of_even_numbers_after_queriesApp.swift; sourceTree = "<group>"; };
		DBE3E9892517167400A59B4A /* ContentView.swift */ = {isa = PBXFileReference; lastKnownFileType = sourcecode.swift; path = ContentView.swift; sourceTree = "<group>"; };
		DBE3E98B2517167600A59B4A /* Assets.xcassets */ = {isa = PBXFileReference; lastKnownFileType = folder.assetcatalog; path = Assets.xcassets; sourceTree = "<group>"; };
		DBE3E98E2517167600A59B4A /* Preview Assets.xcassets */ = {isa = PBXFileReference; lastKnownFileType = folder.assetcatalog; path = "Preview Assets.xcassets"; sourceTree = "<group>"; };
		DBE3E9902517167600A59B4A /* Info.plist */ = {isa = PBXFileReference; lastKnownFileType = text.plist.xml; path = Info.plist; sourceTree = "<group>"; };
		DBE3E9952517167600A59B4A /* Sum of even numbers after queriesTests.xctest */ = {isa = PBXFileReference; explicitFileType = wrapper.cfbundle; includeInIndex = 0; path = "Sum of even numbers after queriesTests.xctest"; sourceTree = BUILT_PRODUCTS_DIR; };
		DBE3E9992517167600A59B4A /* Sum_of_even_numbers_after_queriesTests.swift */ = {isa = PBXFileReference; lastKnownFileType = sourcecode.swift; path = Sum_of_even_numbers_after_queriesTests.swift; sourceTree = "<group>"; };
		DBE3E99B2517167600A59B4A /* Info.plist */ = {isa = PBXFileReference; lastKnownFileType = text.plist.xml; path = Info.plist; sourceTree = "<group>"; };
		DBE3E9A02517167600A59B4A /* Sum of even numbers after queriesUITests.xctest */ = {isa = PBXFileReference; explicitFileType = wrapper.cfbundle; includeInIndex = 0; path = "Sum of even numbers after queriesUITests.xctest"; sourceTree = BUILT_PRODUCTS_DIR; };
		DBE3E9A42517167600A59B4A /* Sum_of_even_numbers_after_queriesUITests.swift */ = {isa = PBXFileReference; lastKnownFileType = sourcecode.swift; path = Sum_of_even_numbers_after_queriesUITests.swift; sourceTree = "<group>"; };
		DBE3E9A62517167600A59B4A /* Info.plist */ = {isa = PBXFileReference; lastKnownFileType = text.plist.xml; path = Info.plist; sourceTree = "<group>"; };
		DBE3E9B52517169F00A59B4A /* ViewModel.swift */ = {isa = PBXFileReference; lastKnownFileType = sourcecode.swift; path = ViewModel.swift; sourceTree = "<group>"; };
/* End PBXFileReference section */

/* Begin PBXFrameworksBuildPhase section */
		DBE3E9812517167400A59B4A /* Frameworks */ = {
			isa = PBXFrameworksBuildPhase;
			buildActionMask = 2147483647;
			files = (
				DBE3E9CB25171C6400A59B4A /* RFoundation in Frameworks */,
			);
			runOnlyForDeploymentPostprocessing = 0;
		};
		DBE3E9922517167600A59B4A /* Frameworks */ = {
			isa = PBXFrameworksBuildPhase;
			buildActionMask = 2147483647;
			files = (
			);
			runOnlyForDeploymentPostprocessing = 0;
		};
		DBE3E99D2517167600A59B4A /* Frameworks */ = {
			isa = PBXFrameworksBuildPhase;
			buildActionMask = 2147483647;
			files = (
			);
			runOnlyForDeploymentPostprocessing = 0;
		};
/* End PBXFrameworksBuildPhase section */

/* Begin PBXGroup section */
		DBE3E97B2517167400A59B4A = {
			isa = PBXGroup;
			children = (
				DBE3E9862517167400A59B4A /* Sum of even numbers after queries */,
				DBE3E9982517167600A59B4A /* Sum of even numbers after queriesTests */,
				DBE3E9A32517167600A59B4A /* Sum of even numbers after queriesUITests */,
				DBE3E9852517167400A59B4A /* Products */,
				DBE3E9C725171C0200A59B4A /* Frameworks */,
			);
			sourceTree = "<group>";
		};
		DBE3E9852517167400A59B4A /* Products */ = {
			isa = PBXGroup;
			children = (
				DBE3E9842517167400A59B4A /* Sum of even numbers after queries.app */,
				DBE3E9952517167600A59B4A /* Sum of even numbers after queriesTests.xctest */,
				DBE3E9A02517167600A59B4A /* Sum of even numbers after queriesUITests.xctest */,
			);
			name = Products;
			sourceTree = "<group>";
		};
		DBE3E9862517167400A59B4A /* Sum of even numbers after queries */ = {
			isa = PBXGroup;
			children = (
				DBE3E9872517167400A59B4A /* Sum_of_even_numbers_after_queriesApp.swift */,
				DBE3E9892517167400A59B4A /* ContentView.swift */,
				DBE3E98B2517167600A59B4A /* Assets.xcassets */,
				DBE3E9902517167600A59B4A /* Info.plist */,
				DBE3E98D2517167600A59B4A /* Preview Content */,
				DBE3E9B52517169F00A59B4A /* ViewModel.swift */,
			);
			path = "Sum of even numbers after queries";
			sourceTree = "<group>";
		};
		DBE3E98D2517167600A59B4A /* Preview Content */ = {
			isa = PBXGroup;
			children = (
				DBE3E98E2517167600A59B4A /* Preview Assets.xcassets */,
			);
			path = "Preview Content";
			sourceTree = "<group>";
		};
		DBE3E9982517167600A59B4A /* Sum of even numbers after queriesTests */ = {
			isa = PBXGroup;
			children = (
				DBE3E9992517167600A59B4A /* Sum_of_even_numbers_after_queriesTests.swift */,
				DBE3E99B2517167600A59B4A /* Info.plist */,
			);
			path = "Sum of even numbers after queriesTests";
			sourceTree = "<group>";
		};
		DBE3E9A32517167600A59B4A /* Sum of even numbers after queriesUITests */ = {
			isa = PBXGroup;
			children = (
				DBE3E9A42517167600A59B4A /* Sum_of_even_numbers_after_queriesUITests.swift */,
				DBE3E9A62517167600A59B4A /* Info.plist */,
			);
			path = "Sum of even numbers after queriesUITests";
			sourceTree = "<group>";
		};
		DBE3E9C725171C0200A59B4A /* Frameworks */ = {
			isa = PBXGroup;
			children = (
			);
			name = Frameworks;
			sourceTree = "<group>";
		};
/* End PBXGroup section */

/* Begin PBXNativeTarget section */
		DBE3E9832517167400A59B4A /* Sum of even numbers after queries */ = {
			isa = PBXNativeTarget;
			buildConfigurationList = DBE3E9A92517167600A59B4A /* Build configuration list for PBXNativeTarget "Sum of even numbers after queries" */;
			buildPhases = (
				DBE3E9802517167400A59B4A /* Sources */,
				DBE3E9812517167400A59B4A /* Frameworks */,
				DBE3E9822517167400A59B4A /* Resources */,
			);
			buildRules = (
			);
			dependencies = (
			);
			name = "Sum of even numbers after queries";
			packageProductDependencies = (
				DBE3E9CA25171C6400A59B4A /* RFoundation */,
			);
			productName = "Sum of even numbers after queries";
			productReference = DBE3E9842517167400A59B4A /* Sum of even numbers after queries.app */;
			productType = "com.apple.product-type.application";
		};
		DBE3E9942517167600A59B4A /* Sum of even numbers after queriesTests */ = {
			isa = PBXNativeTarget;
			buildConfigurationList = DBE3E9AC2517167600A59B4A /* Build configuration list for PBXNativeTarget "Sum of even numbers after queriesTests" */;
			buildPhases = (
				DBE3E9912517167600A59B4A /* Sources */,
				DBE3E9922517167600A59B4A /* Frameworks */,
				DBE3E9932517167600A59B4A /* Resources */,
			);
			buildRules = (
			);
			dependencies = (
				DBE3E9972517167600A59B4A /* PBXTargetDependency */,
			);
			name = "Sum of even numbers after queriesTests";
			productName = "Sum of even numbers after queriesTests";
			productReference = DBE3E9952517167600A59B4A /* Sum of even numbers after queriesTests.xctest */;
			productType = "com.apple.product-type.bundle.unit-test";
		};
		DBE3E99F2517167600A59B4A /* Sum of even numbers after queriesUITests */ = {
			isa = PBXNativeTarget;
			buildConfigurationList = DBE3E9AF2517167600A59B4A /* Build configuration list for PBXNativeTarget "Sum of even numbers after queriesUITests" */;
			buildPhases = (
				DBE3E99C2517167600A59B4A /* Sources */,
				DBE3E99D2517167600A59B4A /* Frameworks */,
				DBE3E99E2517167600A59B4A /* Resources */,
			);
			buildRules = (
			);
			dependencies = (
				DBE3E9A22517167600A59B4A /* PBXTargetDependency */,
			);
			name = "Sum of even numbers after queriesUITests";
			productName = "Sum of even numbers after queriesUITests";
			productReference = DBE3E9A02517167600A59B4A /* Sum of even numbers after queriesUITests.xctest */;
			productType = "com.apple.product-type.bundle.ui-testing";
		};
/* End PBXNativeTarget section */

/* Begin PBXProject section */
		DBE3E97C2517167400A59B4A /* Project object */ = {
			isa = PBXProject;
			attributes = {
				LastSwiftUpdateCheck = 1200;
				LastUpgradeCheck = 1200;
				TargetAttributes = {
					DBE3E9832517167400A59B4A = {
						CreatedOnToolsVersion = 12.0;
					};
					DBE3E9942517167600A59B4A = {
						CreatedOnToolsVersion = 12.0;
						TestTargetID = DBE3E9832517167400A59B4A;
					};
					DBE3E99F2517167600A59B4A = {
						CreatedOnToolsVersion = 12.0;
						TestTargetID = DBE3E9832517167400A59B4A;
					};
				};
			};
			buildConfigurationList = DBE3E97F2517167400A59B4A /* Build configuration list for PBXProject "Sum of even numbers after queries" */;
			compatibilityVersion = "Xcode 9.3";
			developmentRegion = en;
			hasScannedForEncodings = 0;
			knownRegions = (
				en,
				Base,
			);
			mainGroup = DBE3E97B2517167400A59B4A;
			packageReferences = (
				DBE3E9BB2517172100A59B4A /* XCRemoteSwiftPackageReference "RFoundation" */,
			);
			productRefGroup = DBE3E9852517167400A59B4A /* Products */;
			projectDirPath = "";
			projectRoot = "";
			targets = (
				DBE3E9832517167400A59B4A /* Sum of even numbers after queries */,
				DBE3E9942517167600A59B4A /* Sum of even numbers after queriesTests */,
				DBE3E99F2517167600A59B4A /* Sum of even numbers after queriesUITests */,
			);
		};
/* End PBXProject section */

/* Begin PBXResourcesBuildPhase section */
		DBE3E9822517167400A59B4A /* Resources */ = {
			isa = PBXResourcesBuildPhase;
			buildActionMask = 2147483647;
			files = (
				DBE3E98F2517167600A59B4A /* Preview Assets.xcassets in Resources */,
				DBE3E98C2517167600A59B4A /* Assets.xcassets in Resources */,
			);
			runOnlyForDeploymentPostprocessing = 0;
		};
		DBE3E9932517167600A59B4A /* Resources */ = {
			isa = PBXResourcesBuildPhase;
			buildActionMask = 2147483647;
			files = (
			);
			runOnlyForDeploymentPostprocessing = 0;
		};
		DBE3E99E2517167600A59B4A /* Resources */ = {
			isa = PBXResourcesBuildPhase;
			buildActionMask = 2147483647;
			files = (
			);
			runOnlyForDeploymentPostprocessing = 0;
		};
/* End PBXResourcesBuildPhase section */

/* Begin PBXSourcesBuildPhase section */
		DBE3E9802517167400A59B4A /* Sources */ = {
			isa = PBXSourcesBuildPhase;
			buildActionMask = 2147483647;
			files = (
				DBE3E98A2517167400A59B4A /* ContentView.swift in Sources */,
				DBE3E9B62517169F00A59B4A /* ViewModel.swift in Sources */,
				DBE3E9882517167400A59B4A /* Sum_of_even_numbers_after_queriesApp.swift in Sources */,
			);
			runOnlyForDeploymentPostprocessing = 0;
		};
		DBE3E9912517167600A59B4A /* Sources */ = {
			isa = PBXSourcesBuildPhase;
			buildActionMask = 2147483647;
			files = (
				DBE3E9B72517169F00A59B4A /* ViewModel.swift in Sources */,
				DBE3E99A2517167600A59B4A /* Sum_of_even_numbers_after_queriesTests.swift in Sources */,
			);
			runOnlyForDeploymentPostprocessing = 0;
		};
		DBE3E99C2517167600A59B4A /* Sources */ = {
			isa = PBXSourcesBuildPhase;
			buildActionMask = 2147483647;
			files = (
				DBE3E9A52517167600A59B4A /* Sum_of_even_numbers_after_queriesUITests.swift in Sources */,
			);
			runOnlyForDeploymentPostprocessing = 0;
		};
/* End PBXSourcesBuildPhase section */

/* Begin PBXTargetDependency section */
		DBE3E9972517167600A59B4A /* PBXTargetDependency */ = {
			isa = PBXTargetDependency;
			target = DBE3E9832517167400A59B4A /* Sum of even numbers after queries */;
			targetProxy = DBE3E9962517167600A59B4A /* PBXContainerItemProxy */;
		};
		DBE3E9A22517167600A59B4A /* PBXTargetDependency */ = {
			isa = PBXTargetDependency;
			target = DBE3E9832517167400A59B4A /* Sum of even numbers after queries */;
			targetProxy = DBE3E9A12517167600A59B4A /* PBXContainerItemProxy */;
		};
/* End PBXTargetDependency section */

/* Begin XCBuildConfiguration section */
		DBE3E9A72517167600A59B4A /* Debug */ = {
			isa = XCBuildConfiguration;
			buildSettings = {
				ALWAYS_SEARCH_USER_PATHS = NO;
				CLANG_ANALYZER_NONNULL = YES;
				CLANG_ANALYZER_NUMBER_OBJECT_CONVERSION = YES_AGGRESSIVE;
				CLANG_CXX_LANGUAGE_STANDARD = "gnu++14";
				CLANG_CXX_LIBRARY = "libc++";
				CLANG_ENABLE_MODULES = YES;
				CLANG_ENABLE_OBJC_ARC = YES;
				CLANG_ENABLE_OBJC_WEAK = YES;
				CLANG_WARN_BLOCK_CAPTURE_AUTORELEASING = YES;
				CLANG_WARN_BOOL_CONVERSION = YES;
				CLANG_WARN_COMMA = YES;
				CLANG_WARN_CONSTANT_CONVERSION = YES;
				CLANG_WARN_DEPRECATED_OBJC_IMPLEMENTATIONS = YES;
				CLANG_WARN_DIRECT_OBJC_ISA_USAGE = YES_ERROR;
				CLANG_WARN_DOCUMENTATION_COMMENTS = YES;
				CLANG_WARN_EMPTY_BODY = YES;
				CLANG_WARN_ENUM_CONVERSION = YES;
				CLANG_WARN_INFINITE_RECURSION = YES;
				CLANG_WARN_INT_CONVERSION = YES;
				CLANG_WARN_NON_LITERAL_NULL_CONVERSION = YES;
				CLANG_WARN_OBJC_IMPLICIT_RETAIN_SELF = YES;
				CLANG_WARN_OBJC_LITERAL_CONVERSION = YES;
				CLANG_WARN_OBJC_ROOT_CLASS = YES_ERROR;
				CLANG_WARN_QUOTED_INCLUDE_IN_FRAMEWORK_HEADER = YES;
				CLANG_WARN_RANGE_LOOP_ANALYSIS = YES;
				CLANG_WARN_STRICT_PROTOTYPES = YES;
				CLANG_WARN_SUSPICIOUS_MOVE = YES;
				CLANG_WARN_UNGUARDED_AVAILABILITY = YES_AGGRESSIVE;
				CLANG_WARN_UNREACHABLE_CODE = YES;
				CLANG_WARN__DUPLICATE_METHOD_MATCH = YES;
				COPY_PHASE_STRIP = NO;
				DEBUG_INFORMATION_FORMAT = dwarf;
				ENABLE_STRICT_OBJC_MSGSEND = YES;
				ENABLE_TESTABILITY = YES;
				GCC_C_LANGUAGE_STANDARD = gnu11;
				GCC_DYNAMIC_NO_PIC = NO;
				GCC_NO_COMMON_BLOCKS = YES;
				GCC_OPTIMIZATION_LEVEL = 0;
				GCC_PREPROCESSOR_DEFINITIONS = (
					"DEBUG=1",
					"$(inherited)",
				);
				GCC_WARN_64_TO_32_BIT_CONVERSION = YES;
				GCC_WARN_ABOUT_RETURN_TYPE = YES_ERROR;
				GCC_WARN_UNDECLARED_SELECTOR = YES;
				GCC_WARN_UNINITIALIZED_AUTOS = YES_AGGRESSIVE;
				GCC_WARN_UNUSED_FUNCTION = YES;
				GCC_WARN_UNUSED_VARIABLE = YES;
				IPHONEOS_DEPLOYMENT_TARGET = 14.0;
				MTL_ENABLE_DEBUG_INFO = INCLUDE_SOURCE;
				MTL_FAST_MATH = YES;
				ONLY_ACTIVE_ARCH = YES;
				SDKROOT = iphoneos;
				SWIFT_ACTIVE_COMPILATION_CONDITIONS = DEBUG;
				SWIFT_OPTIMIZATION_LEVEL = "-Onone";
			};
			name = Debug;
		};
		DBE3E9A82517167600A59B4A /* Release */ = {
			isa = XCBuildConfiguration;
			buildSettings = {
				ALWAYS_SEARCH_USER_PATHS = NO;
				CLANG_ANALYZER_NONNULL = YES;
				CLANG_ANALYZER_NUMBER_OBJECT_CONVERSION = YES_AGGRESSIVE;
				CLANG_CXX_LANGUAGE_STANDARD = "gnu++14";
				CLANG_CXX_LIBRARY = "libc++";
				CLANG_ENABLE_MODULES = YES;
				CLANG_ENABLE_OBJC_ARC = YES;
				CLANG_ENABLE_OBJC_WEAK = YES;
				CLANG_WARN_BLOCK_CAPTURE_AUTORELEASING = YES;
				CLANG_WARN_BOOL_CONVERSION = YES;
				CLANG_WARN_COMMA = YES;
				CLANG_WARN_CONSTANT_CONVERSION = YES;
				CLANG_WARN_DEPRECATED_OBJC_IMPLEMENTATIONS = YES;
				CLANG_WARN_DIRECT_OBJC_ISA_USAGE = YES_ERROR;
				CLANG_WARN_DOCUMENTATION_COMMENTS = YES;
				CLANG_WARN_EMPTY_BODY = YES;
				CLANG_WARN_ENUM_CONVERSION = YES;
				CLANG_WARN_INFINITE_RECURSION = YES;
				CLANG_WARN_INT_CONVERSION = YES;
				CLANG_WARN_NON_LITERAL_NULL_CONVERSION = YES;
				CLANG_WARN_OBJC_IMPLICIT_RETAIN_SELF = YES;
				CLANG_WARN_OBJC_LITERAL_CONVERSION = YES;
				CLANG_WARN_OBJC_ROOT_CLASS = YES_ERROR;
				CLANG_WARN_QUOTED_INCLUDE_IN_FRAMEWORK_HEADER = YES;
				CLANG_WARN_RANGE_LOOP_ANALYSIS = YES;
				CLANG_WARN_STRICT_PROTOTYPES = YES;
				CLANG_WARN_SUSPICIOUS_MOVE = YES;
				CLANG_WARN_UNGUARDED_AVAILABILITY = YES_AGGRESSIVE;
				CLANG_WARN_UNREACHABLE_CODE = YES;
				CLANG_WARN__DUPLICATE_METHOD_MATCH = YES;
				COPY_PHASE_STRIP = NO;
				DEBUG_INFORMATION_FORMAT = "dwarf-with-dsym";
				ENABLE_NS_ASSERTIONS = NO;
				ENABLE_STRICT_OBJC_MSGSEND = YES;
				GCC_C_LANGUAGE_STANDARD = gnu11;
				GCC_NO_COMMON_BLOCKS = YES;
				GCC_WARN_64_TO_32_BIT_CONVERSION = YES;
				GCC_WARN_ABOUT_RETURN_TYPE = YES_ERROR;
				GCC_WARN_UNDECLARED_SELECTOR = YES;
				GCC_WARN_UNINITIALIZED_AUTOS = YES_AGGRESSIVE;
				GCC_WARN_UNUSED_FUNCTION = YES;
				GCC_WARN_UNUSED_VARIABLE = YES;
				IPHONEOS_DEPLOYMENT_TARGET = 14.0;
				MTL_ENABLE_DEBUG_INFO = NO;
				MTL_FAST_MATH = YES;
				SDKROOT = iphoneos;
				SWIFT_COMPILATION_MODE = wholemodule;
				SWIFT_OPTIMIZATION_LEVEL = "-O";
				VALIDATE_PRODUCT = YES;
			};
			name = Release;
		};
		DBE3E9AA2517167600A59B4A /* Debug */ = {
			isa = XCBuildConfiguration;
			buildSettings = {
				ASSETCATALOG_COMPILER_APPICON_NAME = AppIcon;
				ASSETCATALOG_COMPILER_GLOBAL_ACCENT_COLOR_NAME = AccentColor;
				CODE_SIGN_STYLE = Automatic;
				DEVELOPMENT_ASSET_PATHS = "\"Sum of even numbers after queries/Preview Content\"";
				DEVELOPMENT_TEAM = G3B2ACWEFM;
				ENABLE_PREVIEWS = YES;
				INFOPLIST_FILE = "Sum of even numbers after queries/Info.plist";
				IPHONEOS_DEPLOYMENT_TARGET = 14.0;
				LD_RUNPATH_SEARCH_PATHS = (
					"$(inherited)",
					"@executable_path/Frameworks",
				);
				PRODUCT_BUNDLE_IDENTIFIER = "com.alquimia.Sum-of-even-numbers-after-queries";
				PRODUCT_NAME = "$(TARGET_NAME)";
				SWIFT_VERSION = 5.0;
				TARGETED_DEVICE_FAMILY = "1,2";
			};
			name = Debug;
		};
		DBE3E9AB2517167600A59B4A /* Release */ = {
			isa = XCBuildConfiguration;
			buildSettings = {
				ASSETCATALOG_COMPILER_APPICON_NAME = AppIcon;
				ASSETCATALOG_COMPILER_GLOBAL_ACCENT_COLOR_NAME = AccentColor;
				CODE_SIGN_STYLE = Automatic;
				DEVELOPMENT_ASSET_PATHS = "\"Sum of even numbers after queries/Preview Content\"";
				DEVELOPMENT_TEAM = G3B2ACWEFM;
				ENABLE_PREVIEWS = YES;
				INFOPLIST_FILE = "Sum of even numbers after queries/Info.plist";
				IPHONEOS_DEPLOYMENT_TARGET = 14.0;
				LD_RUNPATH_SEARCH_PATHS = (
					"$(inherited)",
					"@executable_path/Frameworks",
				);
				PRODUCT_BUNDLE_IDENTIFIER = "com.alquimia.Sum-of-even-numbers-after-queries";
				PRODUCT_NAME = "$(TARGET_NAME)";
				SWIFT_VERSION = 5.0;
				TARGETED_DEVICE_FAMILY = "1,2";
			};
			name = Release;
		};
		DBE3E9AD2517167600A59B4A /* Debug */ = {
			isa = XCBuildConfiguration;
			buildSettings = {
				ALWAYS_EMBED_SWIFT_STANDARD_LIBRARIES = YES;
				BUNDLE_LOADER = "$(TEST_HOST)";
				CODE_SIGN_STYLE = Automatic;
				DEVELOPMENT_TEAM = G3B2ACWEFM;
				INFOPLIST_FILE = "Sum of even numbers after queriesTests/Info.plist";
				IPHONEOS_DEPLOYMENT_TARGET = 14.0;
				LD_RUNPATH_SEARCH_PATHS = (
					"$(inherited)",
					"@executable_path/Frameworks",
					"@loader_path/Frameworks",
				);
				PRODUCT_BUNDLE_IDENTIFIER = "com.alquimia.Sum-of-even-numbers-after-queriesTests";
				PRODUCT_NAME = "$(TARGET_NAME)";
				SWIFT_VERSION = 5.0;
				TARGETED_DEVICE_FAMILY = "1,2";
				TEST_HOST = "$(BUILT_PRODUCTS_DIR)/Sum of even numbers after queries.app/Sum of even numbers after queries";
			};
			name = Debug;
		};
		DBE3E9AE2517167600A59B4A /* Release */ = {
			isa = XCBuildConfiguration;
			buildSettings = {
				ALWAYS_EMBED_SWIFT_STANDARD_LIBRARIES = YES;
				BUNDLE_LOADER = "$(TEST_HOST)";
				CODE_SIGN_STYLE = Automatic;
				DEVELOPMENT_TEAM = G3B2ACWEFM;
				INFOPLIST_FILE = "Sum of even numbers after queriesTests/Info.plist";
				IPHONEOS_DEPLOYMENT_TARGET = 14.0;
				LD_RUNPATH_SEARCH_PATHS = (
					"$(inherited)",
					"@executable_path/Frameworks",
					"@loader_path/Frameworks",
				);
				PRODUCT_BUNDLE_IDENTIFIER = "com.alquimia.Sum-of-even-numbers-after-queriesTests";
				PRODUCT_NAME = "$(TARGET_NAME)";
				SWIFT_VERSION = 5.0;
				TARGETED_DEVICE_FAMILY = "1,2";
				TEST_HOST = "$(BUILT_PRODUCTS_DIR)/Sum of even numbers after queries.app/Sum of even numbers after queries";
			};
			name = Release;
		};
		DBE3E9B02517167600A59B4A /* Debug */ = {
			isa = XCBuildConfiguration;
			buildSettings = {
				ALWAYS_EMBED_SWIFT_STANDARD_LIBRARIES = YES;
				CODE_SIGN_STYLE = Automatic;
				DEVELOPMENT_TEAM = G3B2ACWEFM;
				INFOPLIST_FILE = "Sum of even numbers after queriesUITests/Info.plist";
				LD_RUNPATH_SEARCH_PATHS = (
					"$(inherited)",
					"@executable_path/Frameworks",
					"@loader_path/Frameworks",
				);
				PRODUCT_BUNDLE_IDENTIFIER = "com.alquimia.Sum-of-even-numbers-after-queriesUITests";
				PRODUCT_NAME = "$(TARGET_NAME)";
				SWIFT_VERSION = 5.0;
				TARGETED_DEVICE_FAMILY = "1,2";
				TEST_TARGET_NAME = "Sum of even numbers after queries";
			};
			name = Debug;
		};
		DBE3E9B12517167600A59B4A /* Release */ = {
			isa = XCBuildConfiguration;
			buildSettings = {
				ALWAYS_EMBED_SWIFT_STANDARD_LIBRARIES = YES;
				CODE_SIGN_STYLE = Automatic;
				DEVELOPMENT_TEAM = G3B2ACWEFM;
				INFOPLIST_FILE = "Sum of even numbers after queriesUITests/Info.plist";
				LD_RUNPATH_SEARCH_PATHS = (
					"$(inherited)",
					"@executable_path/Frameworks",
					"@loader_path/Frameworks",
				);
				PRODUCT_BUNDLE_IDENTIFIER = "com.alquimia.Sum-of-even-numbers-after-queriesUITests";
				PRODUCT_NAME = "$(TARGET_NAME)";
				SWIFT_VERSION = 5.0;
				TARGETED_DEVICE_FAMILY = "1,2";
				TEST_TARGET_NAME = "Sum of even numbers after queries";
			};
			name = Release;
		};
/* End XCBuildConfiguration section */

/* Begin XCConfigurationList section */
		DBE3E97F2517167400A59B4A /* Build configuration list for PBXProject "Sum of even numbers after queries" */ = {
			isa = XCConfigurationList;
			buildConfigurations = (
				DBE3E9A72517167600A59B4A /* Debug */,
				DBE3E9A82517167600A59B4A /* Release */,
			);
			defaultConfigurationIsVisible = 0;
			defaultConfigurationName = Release;
		};
		DBE3E9A92517167600A59B4A /* Build configuration list for PBXNativeTarget "Sum of even numbers after queries" */ = {
			isa = XCConfigurationList;
			buildConfigurations = (
				DBE3E9AA2517167600A59B4A /* Debug */,
				DBE3E9AB2517167600A59B4A /* Release */,
			);
			defaultConfigurationIsVisible = 0;
			defaultConfigurationName = Release;
		};
		DBE3E9AC2517167600A59B4A /* Build configuration list for PBXNativeTarget "Sum of even numbers after queriesTests" */ = {
			isa = XCConfigurationList;
			buildConfigurations = (
				DBE3E9AD2517167600A59B4A /* Debug */,
				DBE3E9AE2517167600A59B4A /* Release */,
			);
			defaultConfigurationIsVisible = 0;
			defaultConfigurationName = Release;
		};
		DBE3E9AF2517167600A59B4A /* Build configuration list for PBXNativeTarget "Sum of even numbers after queriesUITests" */ = {
			isa = XCConfigurationList;
			buildConfigurations = (
				DBE3E9B02517167600A59B4A /* Debug */,
				DBE3E9B12517167600A59B4A /* Release */,
			);
			defaultConfigurationIsVisible = 0;
			defaultConfigurationName = Release;
		};
/* End XCConfigurationList section */

/* Begin XCRemoteSwiftPackageReference section */
		DBE3E9BB2517172100A59B4A /* XCRemoteSwiftPackageReference "RFoundation" */ = {
			isa = XCRemoteSwiftPackageReference;
			repositoryURL = "https://github.com/roanacla/RFoundation.git";
			requirement = {
				branch = master;
				kind = branch;
			};
		};
/* End XCRemoteSwiftPackageReference section */

/* Begin XCSwiftPackageProductDependency section */
		DBE3E9CA25171C6400A59B4A /* RFoundation */ = {
			isa = XCSwiftPackageProductDependency;
			package = DBE3E9BB2517172100A59B4A /* XCRemoteSwiftPackageReference "RFoundation" */;
			productName = RFoundation;
		};
/* End XCSwiftPackageProductDependency section */
	};
	rootObject = DBE3E97C2517167400A59B4A /* Project object */;
}
