{
  "object": {
    "pins": [
      {
        "package": "RFoundation",
        "repositoryURL": "https://github.com/roanacla/RFoundation.git",
        "state": {
          "branch": "master",
          "revision": "474a72134680d27ab62c7959f3ef34ffa5530fa7",
          "version": null
        }
      }
    ]
  },
  "version": 1
}
